
Microsoft Visual Studio Solution File, Format Version 12.00
# Visual Studio Version 17
Project("{8BC9CEB8-8B4A-11D0-8D11-00A0C91BC942}") = "GLTest", "GLTest\GLTest.vcxproj", "{785C0CB3-64FE-3689-4DB9-4ADD39FABDD9}"
EndProject
Project("{8BC9CEB8-8B4A-11D0-8D11-00A0C91BC942}") = "GLRenderer", "GLRenderer\GLRenderer.vcxproj", "{2F3040FD-1BE8-814A-84EF-5AA670C61C3B}"
EndProject
Global
	GlobalSection(SolutionConfigurationPlatforms) = preSolution
		Debug|x64 = Debug|x64
		Release|x64 = Release|x64
	EndGlobalSection
	GlobalSection(ProjectConfigurationPlatforms) = postSolution
		{785C0CB3-64FE-3689-4DB9-4ADD39FABDD9}.Debug|x64.ActiveCfg = Debug|x64
		{785C0CB3-64FE-3689-4DB9-4ADD39FABDD9}.Debug|x64.Build.0 = Debug|x64
		{785C0CB3-64FE-3689-4DB9-4ADD39FABDD9}.Release|x64.ActiveCfg = Release|x64
		{785C0CB3-64FE-3689-4DB9-4ADD39FABDD9}.Release|x64.Build.0 = Release|x64
		{2F3040FD-1BE8-814A-84EF-5AA670C61C3B}.Debug|x64.ActiveCfg = Debug|x64
		{2F3040FD-1BE8-814A-84EF-5AA670C61C3B}.Debug|x64.Build.0 = Debug|x64
		{2F3040FD-1BE8-814A-84EF-5AA670C61C3B}.Release|x64.ActiveCfg = Release|x64
		{2F3040FD-1BE8-814A-84EF-5AA670C61C3B}.Release|x64.Build.0 = Release|x64
	EndGlobalSection
	GlobalSection(SolutionProperties) = preSolution
		HideSolutionNode = FALSE
	EndGlobalSection
EndGlobal
